
Microsoft Visual Studio Solution File, Format Version 12.00
# Visual Studio Version 16
VisualStudioVersion = 16.0.30104.148
MinimumVisualStudioVersion = 10.0.40219.1
Project("{FAE04EC0-301F-11D3-BF4B-00C04F79EFBC}") = "USI_55Shogi_Matcher", "USI_55Shogi_Matcher\USI_55Shogi_Matcher.csproj", "{6C2CBF15-D86D-4E87-8E76-4514C7C45B3D}"
EndProject
Project("{2150E333-8FDC-42A3-9474-1A3956D46DE8}") = "Solution Items", "Solution Items", "{A72E6022-6ECD-4496-A4FF-97235BF171B4}"
	ProjectSection(SolutionItems) = preProject
		.editorconfig = .editorconfig
	EndProjectSection
EndProject
Global
	GlobalSection(SolutionConfigurationPlatforms) = preSolution
		Debug|Any CPU = Debug|Any CPU
		Release|Any CPU = Release|Any CPU
	EndGlobalSection
	GlobalSection(ProjectConfigurationPlatforms) = postSolution
		{6C2CBF15-D86D-4E87-8E76-4514C7C45B3D}.Debug|Any CPU.ActiveCfg = Debug|Any CPU
		{6C2CBF15-D86D-4E87-8E76-4514C7C45B3D}.Debug|Any CPU.Build.0 = Debug|Any CPU
		{6C2CBF15-D86D-4E87-8E76-4514C7C45B3D}.Release|Any CPU.ActiveCfg = Release|Any CPU
		{6C2CBF15-D86D-4E87-8E76-4514C7C45B3D}.Release|Any CPU.Build.0 = Release|Any CPU
	EndGlobalSection
	GlobalSection(SolutionProperties) = preSolution
		HideSolutionNode = FALSE
	EndGlobalSection
	GlobalSection(ExtensibilityGlobals) = postSolution
		SolutionGuid = {F8E63816-DC82-46DC-8532-39418F8E3FD2}
	EndGlobalSection
EndGlobal
